lockfileVersion: 5.4

specifiers:
  '@playwright/test': ^1.27.0

devDependencies:
  '@playwright/test': 1.27.0

packages:

  /@playwright/test/1.27.0:
    resolution: {integrity: sha512-L4BswoJvGkFsEHhEgzVNHBnkFB1FbnBQn3QmvTl7+AouoJQ4a8tLwZKvytdovCsNi7B5cXuRo58yGvfM5PnExw==}
    engines: {node: '>=14'}
    hasBin: true
    dependencies:
      '@types/node': 18.8.3
      playwright-core: 1.27.0
    dev: true

  /@types/node/18.8.3:
    resolution: {integrity: sha512-0os9vz6BpGwxGe9LOhgP/ncvYN5Tx1fNcd2TM3rD/aCGBkysb+ZWpXEocG24h6ZzOi13+VB8HndAQFezsSOw1w==}
    dev: true

  /playwright-core/1.27.0:
    resolution: {integrity: sha512-VBKaaFUVKDo3akW+o4DwbK1ZyXh46tcSwQKPK3lruh8IJd5feu55XVZx4vOkbb2uqrNdIF51sgsadYT533SdpA==}
    engines: {node: '>=14'}
    hasBin: true
    dev: true
